PODS:
  - Alamofire (4.9.1)
  - AlamofireObjectMapper (5.2.1):
    - Alamofire (~> 4.7)
    - ObjectMapper (~> 3.4)
  - ARCL (1.3.0)
  - GoogleMaps (3.8.0):
    - GoogleMaps/Maps (= 3.8.0)
  - GoogleMaps/Base (3.8.0)
  - GoogleMaps/Maps (3.8.0):
    - GoogleMaps/Base
  - GooglePlaces (3.8.0):
    - GoogleMaps/Base (= 3.8.0)
  - IQKeyboardManagerSwift (6.5.5)
  - ObjectMapper (3.5.2)

DEPENDENCIES:
  - AlamofireObjectMapper (~> 5.2)
  - ARCL
  - GoogleMaps
  - GooglePlaces
  - IQKeyboardManagerSwift

SPEC REPOS:
  trunk:
    - Alamofire
    - AlamofireObjectMapper
    - ARCL
    - GoogleMaps
    - GooglePlaces
    - IQKeyboardManagerSwift
    - ObjectMapper

SPEC CHECKSUMS:
  Alamofire: 85e8a02c69d6020a0d734f6054870d7ecb75cf18
  AlamofireObjectMapper: 1989f690e982b71921b9253f53a4f33a9bc00d88
  ARCL: db48b6927d6f3f49f29568295ed91c94ab8d4aab
  GoogleMaps: 7c8d66d70e4e8c300f43a7219d8fdaad7b325a9a
  GooglePlaces: d5f70c3e9e427964fdeca1301a665d276ccd8754
  IQKeyboardManagerSwift: 0fb93310284665245591f50f7a5e38de615960b7
  ObjectMapper: b53ae947d370bf89423e86be7d4e2d2b2a8d3f40

PODFILE CHECKSUM: d8a513a1135182834dc263c476d6481933b2ba14

COCOAPODS: 1.9.1
